
Microsoft Visual Studio Solution File, Format Version 12.00
# Visual Studio Version 16
VisualStudioVersion = 16.0.29009.5
MinimumVisualStudioVersion = 10.0.40219.1
Project("{FAE04EC0-301F-11D3-BF4B-00C04F79EFBC}") = "HotFix", "HotFix.csproj", "{E7121B45-8331-43F2-A2DA-53DBA174AC52}"
EndProject
Global
	GlobalSection(SolutionConfigurationPlatforms) = preSolution
		Debug|Any CPU = Debug|Any CPU
		Release|Any CPU = Release|Any CPU
	EndGlobalSection
	GlobalSection(ProjectConfigurationPlatforms) = postSolution
		{E7121B45-8331-43F2-A2DA-53DBA174AC52}.Debug|Any CPU.ActiveCfg = Debug|Any CPU
		{E7121B45-8331-43F2-A2DA-53DBA174AC52}.Debug|Any CPU.Build.0 = Debug|Any CPU
		{E7121B45-8331-43F2-A2DA-53DBA174AC52}.Release|Any CPU.ActiveCfg = Release|Any CPU
		{E7121B45-8331-43F2-A2DA-53DBA174AC52}.Release|Any CPU.Build.0 = Release|Any CPU
	EndGlobalSection
	GlobalSection(SolutionProperties) = preSolution
		HideSolutionNode = FALSE
	EndGlobalSection
	GlobalSection(ExtensibilityGlobals) = postSolution
		SolutionGuid = {AF771C36-8B21-4969-ADEC-208904F7AF31}
	EndGlobalSection
EndGlobal
